
Microsoft Visual Studio Solution File, Format Version 12.00
# Visual Studio Version 17
VisualStudioVersion = 17.14.36518.9
MinimumVisualStudioVersion = 10.0.40219.1
Project("{2150E333-8FDC-42A3-9474-1A3956D46DE8}") = "Task0", "Task0", "{02EA681E-C7D8-13C7-8484-4AC65E1B71E8}"
EndProject
Project("{FAE04EC0-301F-11D3-BF4B-00C04F79EFBC}") = "Tyuiu.SokolovaHS.Sprint2.Task0.V28", "Tyuiu.SokolovaHS.Sprint2.Task0.V28\Tyuiu.SokolovaHS.Sprint2.Task0.V28.csproj", "{14A2C8EB-9590-4364-BCEA-A53A823FFDD8}"
EndProject
Project("{FAE04EC0-301F-11D3-BF4B-00C04F79EFBC}") = "Tyuiu.SokolovaHS.Sprint2.Task0.V28.Lib", "Tyuiu.SokolovaHS.Sprint2.Task0.V28.Lib\Tyuiu.SokolovaHS.Sprint2.Task0.V28.Lib.csproj", "{FD992109-6637-4E79-8FE0-8D7D6B67BED1}"
EndProject
Project("{FAE04EC0-301F-11D3-BF4B-00C04F79EFBC}") = "Tyuiu.SokolovaHS.Sprint2.Task0.V28.Test", "Tyuiu.SokolovaHS.Sprint2.Task0.V28.Test\Tyuiu.SokolovaHS.Sprint2.Task0.V28.Test.csproj", "{E7226969-274B-4858-AC2B-4AA63FAF0A10}"
EndProject
Project("{2150E333-8FDC-42A3-9474-1A3956D46DE8}") = "Task1", "Task1", "{72F8E220-3A09-4C26-AB4E-F297756E8474}"
EndProject
Project("{FAE04EC0-301F-11D3-BF4B-00C04F79EFBC}") = "Tyuiu.SokolovaHS.Sprint2.Task1.V6", "Tyuiu.SokolovaHS.Sprint2.Task1.V6\Tyuiu.SokolovaHS.Sprint2.Task1.V6.csproj", "{38852E8D-5C04-4686-A351-B4B455F4A791}"
EndProject
Project("{FAE04EC0-301F-11D3-BF4B-00C04F79EFBC}") = "Tyuiu.SokolovaHS.Sprint2.Task1.V6.Lib", "Tyuiu.SokolovaHS.Sprint2.Task1.V6.Lib\Tyuiu.SokolovaHS.Sprint2.Task1.V6.Lib.csproj", "{9092C464-778F-4401-B0CE-E05EA5C16D90}"
EndProject
Project("{FAE04EC0-301F-11D3-BF4B-00C04F79EFBC}") = "Tyuiu.SokolovaHS.Sprint2.Task1.V6.Test", "Tyuiu.SokolovaHS.Sprint2.Task1.V6.Test\Tyuiu.SokolovaHS.Sprint2.Task1.V6.Test.csproj", "{56191C3C-9B24-41D6-A982-3BEEE8233AB6}"
EndProject
Project("{2150E333-8FDC-42A3-9474-1A3956D46DE8}") = "Task2", "Task2", "{632F7AE6-C24E-42E7-A622-028BA9BE19DF}"
EndProject
Project("{FAE04EC0-301F-11D3-BF4B-00C04F79EFBC}") = "Tyuiu.SokolovaHS.Sprint2.Task2.V9", "Tyuiu.SokolovaHS.Sprint2.Task2.V9\Tyuiu.SokolovaHS.Sprint2.Task2.V9.csproj", "{D8692EA7-7F7B-4574-88A1-9E4BBF089B04}"
EndProject
Project("{FAE04EC0-301F-11D3-BF4B-00C04F79EFBC}") = "Tyuiu.SokolovaHS.Sprint2.Task2.V9.Lib", "Tyuiu.SokolovaHS.Sprint2.Task2.V9.Lib\Tyuiu.SokolovaHS.Sprint2.Task2.V9.Lib.csproj", "{7250ED33-8834-4ADC-B152-D035EC1860F5}"
EndProject
Project("{FAE04EC0-301F-11D3-BF4B-00C04F79EFBC}") = "Tyuiu.SokolovaHS.Sprint2.Task2.V9.Test", "Tyuiu.SokolovaHS.Sprint2.Task2.V9.Test\Tyuiu.SokolovaHS.Sprint2.Task2.V9.Test.csproj", "{C626350D-66EA-461A-9665-95073ABBE3A8}"
EndProject
Project("{2150E333-8FDC-42A3-9474-1A3956D46DE8}") = "Task3", "Task3", "{64210674-6E85-4BEB-BA8D-89D2BF2831D8}"
EndProject
Project("{FAE04EC0-301F-11D3-BF4B-00C04F79EFBC}") = "Tyuiu.SokolovaHS.Sprint2.Task3.V12", "Tyuiu.SokolovaHS.Sprint2.Task3.V12\Tyuiu.SokolovaHS.Sprint2.Task3.V12.csproj", "{F1A271A6-1C59-4D1A-B60B-5E7D74542FF6}"
EndProject
Project("{FAE04EC0-301F-11D3-BF4B-00C04F79EFBC}") = "Tyuiu.SokolovaHS.Sprint2.Task3.V12.Lib", "Tyuiu.SokolovaHS.Sprint2.Task3.V12.Lib\Tyuiu.SokolovaHS.Sprint2.Task3.V12.Lib.csproj", "{DD1797B2-A090-4D4E-BB15-E544C505E161}"
EndProject
Project("{FAE04EC0-301F-11D3-BF4B-00C04F79EFBC}") = "Tyuiu.SokolovaHS.Sprint2.Task3.V12.Test", "Tyuiu.SokolovaHS.Sprint2.Task3.V12.Test\Tyuiu.SokolovaHS.Sprint2.Task3.V12.Test.csproj", "{E2BC5E7B-0194-41FD-8558-85170CA229A2}"
EndProject
Project("{2150E333-8FDC-42A3-9474-1A3956D46DE8}") = "Task4", "Task4", "{611BE88E-B3FB-47BA-B9AF-5BD37D40FC2D}"
EndProject
Project("{FAE04EC0-301F-11D3-BF4B-00C04F79EFBC}") = "Tyuiu.SokolovaHS.Sprint2.Task4.V5", "Tyuiu.SokolovaHS.Sprint2.Task4.V5\Tyuiu.SokolovaHS.Sprint2.Task4.V5.csproj", "{BBC5F558-3372-4957-89AE-0E09CC7D3507}"
EndProject
Project("{FAE04EC0-301F-11D3-BF4B-00C04F79EFBC}") = "Tyuiu.SokolovaHS.Sprint2.Task4.V5.Lib", "Tyuiu.SokolovaHS.Sprint2.Task4.V5.Lib\Tyuiu.SokolovaHS.Sprint2.Task4.V5.Lib.csproj", "{3B19AF93-76A2-4DE7-BC9F-BFB95D8A74DD}"
EndProject
Project("{FAE04EC0-301F-11D3-BF4B-00C04F79EFBC}") = "Tyuiu.SokolovaHS.Sprint2.Task4.V5.Test", "Tyuiu.SokolovaHS.Sprint2.Task4.V5.Test\Tyuiu.SokolovaHS.Sprint2.Task4.V5.Test.csproj", "{87F9072E-5DBE-4282-A11C-19259232B713}"
EndProject
Global
	GlobalSection(SolutionConfigurationPlatforms) = preSolution
		Debug|Any CPU = Debug|Any CPU
		Release|Any CPU = Release|Any CPU
	EndGlobalSection
	GlobalSection(ProjectConfigurationPlatforms) = postSolution
		{14A2C8EB-9590-4364-BCEA-A53A823FFDD8}.Debug|Any CPU.ActiveCfg = Debug|Any CPU
		{14A2C8EB-9590-4364-BCEA-A53A823FFDD8}.Debug|Any CPU.Build.0 = Debug|Any CPU
		{14A2C8EB-9590-4364-BCEA-A53A823FFDD8}.Release|Any CPU.ActiveCfg = Release|Any CPU
		{14A2C8EB-9590-4364-BCEA-A53A823FFDD8}.Release|Any CPU.Build.0 = Release|Any CPU
		{FD992109-6637-4E79-8FE0-8D7D6B67BED1}.Debug|Any CPU.ActiveCfg = Debug|Any CPU
		{FD992109-6637-4E79-8FE0-8D7D6B67BED1}.Debug|Any CPU.Build.0 = Debug|Any CPU
		{FD992109-6637-4E79-8FE0-8D7D6B67BED1}.Release|Any CPU.ActiveCfg = Release|Any CPU
		{FD992109-6637-4E79-8FE0-8D7D6B67BED1}.Release|Any CPU.Build.0 = Release|Any CPU
		{E7226969-274B-4858-AC2B-4AA63FAF0A10}.Debug|Any CPU.ActiveCfg = Debug|Any CPU
		{E7226969-274B-4858-AC2B-4AA63FAF0A10}.Debug|Any CPU.Build.0 = Debug|Any CPU
		{E7226969-274B-4858-AC2B-4AA63FAF0A10}.Release|Any CPU.ActiveCfg = Release|Any CPU
		{E7226969-274B-4858-AC2B-4AA63FAF0A10}.Release|Any CPU.Build.0 = Release|Any CPU
		{38852E8D-5C04-4686-A351-B4B455F4A791}.Debug|Any CPU.ActiveCfg = Debug|Any CPU
		{38852E8D-5C04-4686-A351-B4B455F4A791}.Debug|Any CPU.Build.0 = Debug|Any CPU
		{38852E8D-5C04-4686-A351-B4B455F4A791}.Release|Any CPU.ActiveCfg = Release|Any CPU
		{38852E8D-5C04-4686-A351-B4B455F4A791}.Release|Any CPU.Build.0 = Release|Any CPU
		{9092C464-778F-4401-B0CE-E05EA5C16D90}.Debug|Any CPU.ActiveCfg = Debug|Any CPU
		{9092C464-778F-4401-B0CE-E05EA5C16D90}.Debug|Any CPU.Build.0 = Debug|Any CPU
		{9092C464-778F-4401-B0CE-E05EA5C16D90}.Release|Any CPU.ActiveCfg = Release|Any CPU
		{9092C464-778F-4401-B0CE-E05EA5C16D90}.Release|Any CPU.Build.0 = Release|Any CPU
		{56191C3C-9B24-41D6-A982-3BEEE8233AB6}.Debug|Any CPU.ActiveCfg = Debug|Any CPU
		{56191C3C-9B24-41D6-A982-3BEEE8233AB6}.Debug|Any CPU.Build.0 = Debug|Any CPU
		{56191C3C-9B24-41D6-A982-3BEEE8233AB6}.Release|Any CPU.ActiveCfg = Release|Any CPU
		{56191C3C-9B24-41D6-A982-3BEEE8233AB6}.Release|Any CPU.Build.0 = Release|Any CPU
		{D8692EA7-7F7B-4574-88A1-9E4BBF089B04}.Debug|Any CPU.ActiveCfg = Debug|Any CPU
		{D8692EA7-7F7B-4574-88A1-9E4BBF089B04}.Debug|Any CPU.Build.0 = Debug|Any CPU
		{D8692EA7-7F7B-4574-88A1-9E4BBF089B04}.Release|Any CPU.ActiveCfg = Release|Any CPU
		{D8692EA7-7F7B-4574-88A1-9E4BBF089B04}.Release|Any CPU.Build.0 = Release|Any CPU
		{7250ED33-8834-4ADC-B152-D035EC1860F5}.Debug|Any CPU.ActiveCfg = Debug|Any CPU
		{7250ED33-8834-4ADC-B152-D035EC1860F5}.Debug|Any CPU.Build.0 = Debug|Any CPU
		{7250ED33-8834-4ADC-B152-D035EC1860F5}.Release|Any CPU.ActiveCfg = Release|Any CPU
		{7250ED33-8834-4ADC-B152-D035EC1860F5}.Release|Any CPU.Build.0 = Release|Any CPU
		{C626350D-66EA-461A-9665-95073ABBE3A8}.Debug|Any CPU.ActiveCfg = Debug|Any CPU
		{C626350D-66EA-461A-9665-95073ABBE3A8}.Debug|Any CPU.Build.0 = Debug|Any CPU
		{C626350D-66EA-461A-9665-95073ABBE3A8}.Release|Any CPU.ActiveCfg = Release|Any CPU
		{C626350D-66EA-461A-9665-95073ABBE3A8}.Release|Any CPU.Build.0 = Release|Any CPU
		{F1A271A6-1C59-4D1A-B60B-5E7D74542FF6}.Debug|Any CPU.ActiveCfg = Debug|Any CPU
		{F1A271A6-1C59-4D1A-B60B-5E7D74542FF6}.Debug|Any CPU.Build.0 = Debug|Any CPU
		{F1A271A6-1C59-4D1A-B60B-5E7D74542FF6}.Release|Any CPU.ActiveCfg = Release|Any CPU
		{F1A271A6-1C59-4D1A-B60B-5E7D74542FF6}.Release|Any CPU.Build.0 = Release|Any CPU
		{DD1797B2-A090-4D4E-BB15-E544C505E161}.Debug|Any CPU.ActiveCfg = Debug|Any CPU
		{DD1797B2-A090-4D4E-BB15-E544C505E161}.Debug|Any CPU.Build.0 = Debug|Any CPU
		{DD1797B2-A090-4D4E-BB15-E544C505E161}.Release|Any CPU.ActiveCfg = Release|Any CPU
		{DD1797B2-A090-4D4E-BB15-E544C505E161}.Release|Any CPU.Build.0 = Release|Any CPU
		{E2BC5E7B-0194-41FD-8558-85170CA229A2}.Debug|Any CPU.ActiveCfg = Debug|Any CPU
		{E2BC5E7B-0194-41FD-8558-85170CA229A2}.Debug|Any CPU.Build.0 = Debug|Any CPU
		{E2BC5E7B-0194-41FD-8558-85170CA229A2}.Release|Any CPU.ActiveCfg = Release|Any CPU
		{E2BC5E7B-0194-41FD-8558-85170CA229A2}.Release|Any CPU.Build.0 = Release|Any CPU
		{BBC5F558-3372-4957-89AE-0E09CC7D3507}.Debug|Any CPU.ActiveCfg = Debug|Any CPU
		{BBC5F558-3372-4957-89AE-0E09CC7D3507}.Debug|Any CPU.Build.0 = Debug|Any CPU
		{BBC5F558-3372-4957-89AE-0E09CC7D3507}.Release|Any CPU.ActiveCfg = Release|Any CPU
		{BBC5F558-3372-4957-89AE-0E09CC7D3507}.Release|Any CPU.Build.0 = Release|Any CPU
		{3B19AF93-76A2-4DE7-BC9F-BFB95D8A74DD}.Debug|Any CPU.ActiveCfg = Debug|Any CPU
		{3B19AF93-76A2-4DE7-BC9F-BFB95D8A74DD}.Debug|Any CPU.Build.0 = Debug|Any CPU
		{3B19AF93-76A2-4DE7-BC9F-BFB95D8A74DD}.Release|Any CPU.ActiveCfg = Release|Any CPU
		{3B19AF93-76A2-4DE7-BC9F-BFB95D8A74DD}.Release|Any CPU.Build.0 = Release|Any CPU
		{87F9072E-5DBE-4282-A11C-19259232B713}.Debug|Any CPU.ActiveCfg = Debug|Any CPU
		{87F9072E-5DBE-4282-A11C-19259232B713}.Debug|Any CPU.Build.0 = Debug|Any CPU
		{87F9072E-5DBE-4282-A11C-19259232B713}.Release|Any CPU.ActiveCfg = Release|Any CPU
		{87F9072E-5DBE-4282-A11C-19259232B713}.Release|Any CPU.Build.0 = Release|Any CPU
	EndGlobalSection
	GlobalSection(SolutionProperties) = preSolution
		HideSolutionNode = FALSE
	EndGlobalSection
	GlobalSection(NestedProjects) = preSolution
		{14A2C8EB-9590-4364-BCEA-A53A823FFDD8} = {02EA681E-C7D8-13C7-8484-4AC65E1B71E8}
		{FD992109-6637-4E79-8FE0-8D7D6B67BED1} = {02EA681E-C7D8-13C7-8484-4AC65E1B71E8}
		{E7226969-274B-4858-AC2B-4AA63FAF0A10} = {02EA681E-C7D8-13C7-8484-4AC65E1B71E8}
		{38852E8D-5C04-4686-A351-B4B455F4A791} = {72F8E220-3A09-4C26-AB4E-F297756E8474}
		{9092C464-778F-4401-B0CE-E05EA5C16D90} = {72F8E220-3A09-4C26-AB4E-F297756E8474}
		{56191C3C-9B24-41D6-A982-3BEEE8233AB6} = {72F8E220-3A09-4C26-AB4E-F297756E8474}
		{D8692EA7-7F7B-4574-88A1-9E4BBF089B04} = {632F7AE6-C24E-42E7-A622-028BA9BE19DF}
		{7250ED33-8834-4ADC-B152-D035EC1860F5} = {632F7AE6-C24E-42E7-A622-028BA9BE19DF}
		{C626350D-66EA-461A-9665-95073ABBE3A8} = {632F7AE6-C24E-42E7-A622-028BA9BE19DF}
		{F1A271A6-1C59-4D1A-B60B-5E7D74542FF6} = {64210674-6E85-4BEB-BA8D-89D2BF2831D8}
		{DD1797B2-A090-4D4E-BB15-E544C505E161} = {64210674-6E85-4BEB-BA8D-89D2BF2831D8}
		{E2BC5E7B-0194-41FD-8558-85170CA229A2} = {64210674-6E85-4BEB-BA8D-89D2BF2831D8}
		{BBC5F558-3372-4957-89AE-0E09CC7D3507} = {611BE88E-B3FB-47BA-B9AF-5BD37D40FC2D}
		{3B19AF93-76A2-4DE7-BC9F-BFB95D8A74DD} = {611BE88E-B3FB-47BA-B9AF-5BD37D40FC2D}
		{87F9072E-5DBE-4282-A11C-19259232B713} = {611BE88E-B3FB-47BA-B9AF-5BD37D40FC2D}
	EndGlobalSection
	GlobalSection(ExtensibilityGlobals) = postSolution
		SolutionGuid = {EDCD12DC-54E6-43ED-8CF3-FD91BEF5C0CD}
	EndGlobalSection
EndGlobal
